
Microsoft Visual Studio Solution File, Format Version 12.00
# Visual Studio 14
VisualStudioVersion = 14.0.23107.0
MinimumVisualStudioVersion = 10.0.40219.1
Project("{8BC9CEB8-8B4A-11D0-8D11-00A0C91BC942}") = "QComboboxEx", "QtDemo\QComboboxEx\QComboboxEx.vcxproj", "{FB1B9994-9E06-498A-A0E0-13826A8DC44C}"
EndProject
Project("{8BC9CEB8-8B4A-11D0-8D11-00A0C91BC942}") = "QDlgPrint", "QtDemo\QDlgPrint\QDlgPrint.vcxproj", "{C60055A5-B2E3-40E5-8C70-7933559DE731}"
EndProject
Project("{8BC9CEB8-8B4A-11D0-8D11-00A0C91BC942}") = "QtPixmap", "QtDemo\QtPixmap\QtPixmap.vcxproj", "{3C67C5D7-9F90-41DC-AB42-3746E9EC77F0}"
EndProject
Project("{8BC9CEB8-8B4A-11D0-8D11-00A0C91BC942}") = "QtPicture", "QtDemo\QtPicture\QtPicture.vcxproj", "{68D16B2E-5D38-4E54-92AD-A7E297DC9CD2}"
EndProject
Project("{8BC9CEB8-8B4A-11D0-8D11-00A0C91BC942}") = "QDlgShapeless", "QtDemo\QDlgShapeless\QDlgShapeless.vcxproj", "{61A330A5-3D5A-4221-A06E-06C940D77C9C}"
EndProject
Project("{8BC9CEB8-8B4A-11D0-8D11-00A0C91BC942}") = "QLineWidthComboboxEx", "QtDemo\QLineWidthComboboxEx\QLineWidthComboboxEx.vcxproj", "{28B5CC43-B6B4-48D4-AC26-F6576DDE3F2B}"
EndProject
Global
	GlobalSection(SolutionConfigurationPlatforms) = preSolution
		Debug|x86 = Debug|x86
		Release|x86 = Release|x86
	EndGlobalSection
	GlobalSection(ProjectConfigurationPlatforms) = postSolution
		{FB1B9994-9E06-498A-A0E0-13826A8DC44C}.Debug|x86.ActiveCfg = Debug|Win32
		{FB1B9994-9E06-498A-A0E0-13826A8DC44C}.Debug|x86.Build.0 = Debug|Win32
		{FB1B9994-9E06-498A-A0E0-13826A8DC44C}.Release|x86.ActiveCfg = Release|Win32
		{FB1B9994-9E06-498A-A0E0-13826A8DC44C}.Release|x86.Build.0 = Release|Win32
		{C60055A5-B2E3-40E5-8C70-7933559DE731}.Debug|x86.ActiveCfg = Debug|Win32
		{C60055A5-B2E3-40E5-8C70-7933559DE731}.Debug|x86.Build.0 = Debug|Win32
		{C60055A5-B2E3-40E5-8C70-7933559DE731}.Release|x86.ActiveCfg = Release|Win32
		{C60055A5-B2E3-40E5-8C70-7933559DE731}.Release|x86.Build.0 = Release|Win32
		{3C67C5D7-9F90-41DC-AB42-3746E9EC77F0}.Debug|x86.ActiveCfg = Debug|Win32
		{3C67C5D7-9F90-41DC-AB42-3746E9EC77F0}.Debug|x86.Build.0 = Debug|Win32
		{3C67C5D7-9F90-41DC-AB42-3746E9EC77F0}.Release|x86.ActiveCfg = Release|Win32
		{3C67C5D7-9F90-41DC-AB42-3746E9EC77F0}.Release|x86.Build.0 = Release|Win32
		{68D16B2E-5D38-4E54-92AD-A7E297DC9CD2}.Debug|x86.ActiveCfg = Debug|Win32
		{68D16B2E-5D38-4E54-92AD-A7E297DC9CD2}.Debug|x86.Build.0 = Debug|Win32
		{68D16B2E-5D38-4E54-92AD-A7E297DC9CD2}.Release|x86.ActiveCfg = Release|Win32
		{68D16B2E-5D38-4E54-92AD-A7E297DC9CD2}.Release|x86.Build.0 = Release|Win32
		{61A330A5-3D5A-4221-A06E-06C940D77C9C}.Debug|x86.ActiveCfg = Debug|Win32
		{61A330A5-3D5A-4221-A06E-06C940D77C9C}.Debug|x86.Build.0 = Debug|Win32
		{61A330A5-3D5A-4221-A06E-06C940D77C9C}.Release|x86.ActiveCfg = Release|Win32
		{61A330A5-3D5A-4221-A06E-06C940D77C9C}.Release|x86.Build.0 = Release|Win32
		{28B5CC43-B6B4-48D4-AC26-F6576DDE3F2B}.Debug|x86.ActiveCfg = Debug|Win32
		{28B5CC43-B6B4-48D4-AC26-F6576DDE3F2B}.Debug|x86.Build.0 = Debug|Win32
		{28B5CC43-B6B4-48D4-AC26-F6576DDE3F2B}.Release|x86.ActiveCfg = Release|Win32
		{28B5CC43-B6B4-48D4-AC26-F6576DDE3F2B}.Release|x86.Build.0 = Release|Win32
	EndGlobalSection
	GlobalSection(SolutionProperties) = preSolution
		HideSolutionNode = FALSE
	EndGlobalSection
EndGlobal
